{
  "requires": true,
  "lockfileVersion": 1,
  "dependencies": {
    "@ag-grid-community/all-modules": {
      "version": "22.1.1",
      "resolved": "https://registry.npmjs.org/@ag-grid-community/all-modules/-/all-modules-22.1.1.tgz",
      "integrity": "sha512-VBUbl3HRZoFKoQf/79Qq6vEUaAutF5voWq6vv6tPnDsojbCpGRrlPxAmL+Ypb39JE3oEYvW+Y/5ksKEGlab1kg==",
      "requires": {
        "@ag-grid-community/client-side-row-model": "~22.1.1",
        "@ag-grid-community/core": "~22.1.1",
        "@ag-grid-community/csv-export": "~22.1.1",
        "@ag-grid-community/infinite-row-model": "~22.1.1"
      }
    },
    "@ag-grid-community/client-side-row-model": {
      "version": "22.1.1",
      "resolved": "https://registry.npmjs.org/@ag-grid-community/client-side-row-model/-/client-side-row-model-22.1.1.tgz",
      "integrity": "sha512-lLqYuYHngb8pC5wSnBRYzszBDeTxRkz6TmxpVP8CHYM3QSqe2xUTp8KFkzO+RrlySB7uCCx1ym0bOR4vRkkaAw==",
      "requires": {
        "@ag-grid-community/core": "~22.1.1"
      }
    },
    "@ag-grid-community/core": {
      "version": "22.1.1",
      "resolved": "https://registry.npmjs.org/@ag-grid-community/core/-/core-22.1.1.tgz",
      "integrity": "sha512-x9dLUnsIsa+3bsweYKM8UWN42b7i5FDMvGpabAlOS0jAcJRs6krZUBK8XyZwzCc2vELuoBQ6VrKG5RWCN2phjg=="
    },
    "@ag-grid-community/csv-export": {
      "version": "22.1.1",
      "resolved": "https://registry.npmjs.org/@ag-grid-community/csv-export/-/csv-export-22.1.1.tgz",
      "integrity": "sha512-x7BcFRVVwP8LWOpFqGv+Z7DP4RqDVnf+MwMeHAT2VeMDU9oHYS0Dr3tr5Z8XMEV0pQFWj79iwwC8wrvwXkG8Lg==",
      "requires": {
        "@ag-grid-community/core": "~22.1.1"
      }
    },
    "@ag-grid-community/infinite-row-model": {
      "version": "22.1.1",
      "resolved": "https://registry.npmjs.org/@ag-grid-community/infinite-row-model/-/infinite-row-model-22.1.1.tgz",
      "integrity": "sha512-GWSxNvqkrDsEsvMuB7Lq0Ucp9oWPejttAgAFOXLtWzDJGZ8M1ndv5OHAA4ubTm0z0VLU9q3Ysoc4pr19E600Og==",
      "requires": {
        "@ag-grid-community/core": "~22.1.1"
      }
    },
    "@ag-grid-enterprise/all-modules": {
      "version": "22.1.2",
      "resolved": "https://registry.npmjs.org/@ag-grid-enterprise/all-modules/-/all-modules-22.1.2.tgz",
      "integrity": "sha512-6Prkp0CEsmaT7Uycgrg+qd035eWDUbOSBYf1PMDR2n/S7pXavN4eeGnYSsEtNecwORA41Hk/K8uZmH9rnWPDfA==",
      "requires": {
        "@ag-grid-community/all-modules": "~22.1.1",
        "@ag-grid-enterprise/charts": "~22.1.1",
        "@ag-grid-enterprise/clipboard": "~22.1.1",
        "@ag-grid-enterprise/column-tool-panel": "~22.1.1",
        "@ag-grid-enterprise/core": "~22.1.1",
        "@ag-grid-enterprise/excel-export": "~22.1.1",
        "@ag-grid-enterprise/filter-tool-panel": "~22.1.1",
        "@ag-grid-enterprise/master-detail": "~22.1.1",
        "@ag-grid-enterprise/menu": "~22.1.1",
        "@ag-grid-enterprise/range-selection": "~22.1.1",
        "@ag-grid-enterprise/rich-select": "~22.1.1",
        "@ag-grid-enterprise/row-grouping": "~22.1.1",
        "@ag-grid-enterprise/server-side-row-model": "~22.1.1",
        "@ag-grid-enterprise/set-filter": "~22.1.1",
        "@ag-grid-enterprise/side-bar": "~22.1.1",
        "@ag-grid-enterprise/status-bar": "~22.1.1",
        "@ag-grid-enterprise/viewport-row-model": "~22.1.1"
      }
    },
    "@ag-grid-enterprise/charts": {
      "version": "22.1.1",
      "resolved": "https://registry.npmjs.org/@ag-grid-enterprise/charts/-/charts-22.1.1.tgz",
      "integrity": "sha512-n1g1tQUWb8uR77U9FuyQfRuc9xRESEvEGe2LXqp1hyAEl1nLCKfzeoOAh2VcAnlvy1RPSChViwThyvaHVDPwbg==",
      "requires": {
        "@ag-grid-community/core": "~22.1.1",
        "@ag-grid-enterprise/core": "~22.1.1",
        "@ag-grid-enterprise/range-selection": "~22.1.1"
      }
    },
    "@ag-grid-enterprise/clipboard": {
      "version": "22.1.1",
      "resolved": "https://registry.npmjs.org/@ag-grid-enterprise/clipboard/-/clipboard-22.1.1.tgz",
      "integrity": "sha512-ZwrheQmVxyuVm5f+1ACt0YkdVbljCxyvPXCT7YnXeON1lmelolyV9BCQuG1Hd/7B/7qdsbcepayTnmMrJOTmPA==",
      "requires": {
        "@ag-grid-community/core": "~22.1.1",
        "@ag-grid-community/csv-export": "~22.1.1",
        "@ag-grid-enterprise/core": "~22.1.1"
      }
    },
    "@ag-grid-enterprise/column-tool-panel": {
      "version": "22.1.2",
      "resolved": "https://registry.npmjs.org/@ag-grid-enterprise/column-tool-panel/-/column-tool-panel-22.1.2.tgz",
      "integrity": "sha512-LA9fO0KXrIa4VmNtIfHkOeIPELhjhy7U/wlGV2Ag70AmQ0qrBtvbu1iDyEhowzhu9h3uqQ0Nt2XJPtZ2JoBXaQ==",
      "requires": {
        "@ag-grid-community/core": "~22.1.1",
        "@ag-grid-enterprise/core": "~22.1.1",
        "@ag-grid-enterprise/row-grouping": "~22.1.1",
        "@ag-grid-enterprise/side-bar": "~22.1.1"
      }
    },
    "@ag-grid-enterprise/core": {
      "version": "22.1.1",
      "resolved": "https://registry.npmjs.org/@ag-grid-enterprise/core/-/core-22.1.1.tgz",
      "integrity": "sha512-nWFsN6lOdcT0OGqNaGX1i7fFxMysbPv2Df29y/1bBDLFxzHpF3j9iZ1Efen7O9cgOZ8oJPa+bgNbHpV66qSiDw==",
      "requires": {
        "@ag-grid-community/core": "~22.1.1"
      }
    },
    "@ag-grid-enterprise/excel-export": {
      "version": "22.1.3",
      "resolved": "https://registry.npmjs.org/@ag-grid-enterprise/excel-export/-/excel-export-22.1.3.tgz",
      "integrity": "sha512-Fc/mz13m1qSkBifs763Q1vLDPjgcC31o/08Hc3IXuJSxO2HPYoyPGle926HKIlHHWgdMnwUsDpXnZabb6T+CgQ==",
      "requires": {
        "@ag-grid-community/core": "~22.1.1",
        "@ag-grid-community/csv-export": "~22.1.1",
        "@ag-grid-enterprise/core": "~22.1.1"
      }
    },
    "@ag-grid-enterprise/filter-tool-panel": {
      "version": "22.1.1",
      "resolved": "https://registry.npmjs.org/@ag-grid-enterprise/filter-tool-panel/-/filter-tool-panel-22.1.1.tgz",
      "integrity": "sha512-MoPd38K+Re+XzokmSowEphzO0KFaqogJ6qbWkVd8hW/3ZipIGhCoPQggPhkgD3vuhspCghJen1yY760G83yZBA==",
      "requires": {
        "@ag-grid-community/core": "~22.1.1",
        "@ag-grid-enterprise/core": "~22.1.1",
        "@ag-grid-enterprise/side-bar": "~22.1.1"
      }
    },
    "@ag-grid-enterprise/master-detail": {
      "version": "22.1.1",
      "resolved": "https://registry.npmjs.org/@ag-grid-enterprise/master-detail/-/master-detail-22.1.1.tgz",
      "integrity": "sha512-WdSovSRsb3h9IRr1WiBK9GDuciPTqxFPiDc7CEg+qei+bNFldO88jDrRA1EuB9IykN6ozyrBctlPeC7eafDYMw==",
      "requires": {
        "@ag-grid-community/core": "~22.1.1",
        "@ag-grid-enterprise/core": "~22.1.1"
      }
    },
    "@ag-grid-enterprise/menu": {
      "version": "22.1.1",
      "resolved": "https://registry.npmjs.org/@ag-grid-enterprise/menu/-/menu-22.1.1.tgz",
      "integrity": "sha512-G5SYWe5hvQGWqBRpbqrSDHkSpQIQt6DP9JagnFilK9d2bBlhmcADPmn+l1llJl+ut9YbgQX17lRp/MHDb90N5w==",
      "requires": {
        "@ag-grid-community/core": "~22.1.1",
        "@ag-grid-enterprise/core": "~22.1.1"
      }
    },
    "@ag-grid-enterprise/range-selection": {
      "version": "22.1.1",
      "resolved": "https://registry.npmjs.org/@ag-grid-enterprise/range-selection/-/range-selection-22.1.1.tgz",
      "integrity": "sha512-IAvVFqAdh/Ep7eOyg11LE1mw2Lm2tFoYW25WnY1dYOogppDml9o4eqFRNKv6+gsUwkMc37Bl50tHpsHwWI4jNA==",
      "requires": {
        "@ag-grid-community/core": "~22.1.1",
        "@ag-grid-enterprise/core": "~22.1.1"
      }
    },
    "@ag-grid-enterprise/rich-select": {
      "version": "22.1.1",
      "resolved": "https://registry.npmjs.org/@ag-grid-enterprise/rich-select/-/rich-select-22.1.1.tgz",
      "integrity": "sha512-soWuA+WCPFEDJGRXLprzbVtoxayl6BJZ7ONcLjvUFdmtXaI/9gQD9itFuNs76c6KIha62QYjLCkaoYq+1SsKVA==",
      "requires": {
        "@ag-grid-community/core": "~22.1.1",
        "@ag-grid-enterprise/core": "~22.1.1"
      }
    },
    "@ag-grid-enterprise/row-grouping": {
      "version": "22.1.1",
      "resolved": "https://registry.npmjs.org/@ag-grid-enterprise/row-grouping/-/row-grouping-22.1.1.tgz",
      "integrity": "sha512-5OTdAWi+FTXT9XLBPqDznh0cZV3oljgGdLt9UsZW35QBm/IWykrcEwX+UVZxaebZM8j4tjyMkE9ZWfgIGCteFw==",
      "requires": {
        "@ag-grid-community/core": "~22.1.1",
        "@ag-grid-enterprise/core": "~22.1.1"
      }
    },
    "@ag-grid-enterprise/server-side-row-model": {
      "version": "22.1.2",
      "resolved": "https://registry.npmjs.org/@ag-grid-enterprise/server-side-row-model/-/server-side-row-model-22.1.2.tgz",
      "integrity": "sha512-kyt/F5gY5w6XwKnPF4/YdTajJkSMDRrhEPE2GSweiEKmfexTl0yA6qsqn8DtnggkNqu+kVJJqr0TbcfwTH6Uag==",
      "requires": {
        "@ag-grid-community/core": "~22.1.1",
        "@ag-grid-enterprise/core": "~22.1.1"
      }
    },
    "@ag-grid-enterprise/set-filter": {
      "version": "22.1.2",
      "resolved": "https://registry.npmjs.org/@ag-grid-enterprise/set-filter/-/set-filter-22.1.2.tgz",
      "integrity": "sha512-FdetLTjU4nlXgc3eSqv0m3GUOnp8rFbAxDvwlfGM+LZDBZLDAEyLbO8SKdvP7QBYas/GDnoXJjBVran5OHC1Ng==",
      "requires": {
        "@ag-grid-community/core": "~22.1.1",
        "@ag-grid-enterprise/core": "~22.1.1"
      }
    },
    "@ag-grid-enterprise/side-bar": {
      "version": "22.1.1",
      "resolved": "https://registry.npmjs.org/@ag-grid-enterprise/side-bar/-/side-bar-22.1.1.tgz",
      "integrity": "sha512-EnolX40fuflQXehS39Bc+HAQcvbcVAPJ8OONpBDV91f/sj9TBBNyQft+N87DpuQ6/h1z8BBEREjkO3sQDDYh1Q==",
      "requires": {
        "@ag-grid-community/core": "~22.1.1",
        "@ag-grid-enterprise/core": "~22.1.1"
      }
    },
    "@ag-grid-enterprise/status-bar": {
      "version": "22.1.2",
      "resolved": "https://registry.npmjs.org/@ag-grid-enterprise/status-bar/-/status-bar-22.1.2.tgz",
      "integrity": "sha512-2OF0MWaqcY31vMjwL9Jxn9HDUedgY7uz/IoXhcK4Aij55DRp4oBGrQVa8sLbEXE6QrbMlyNqkLxjBscxqsLKsQ==",
      "requires": {
        "@ag-grid-community/core": "~22.1.1",
        "@ag-grid-enterprise/core": "~22.1.1"
      }
    },
    "@ag-grid-enterprise/viewport-row-model": {
      "version": "22.1.3",
      "resolved": "https://registry.npmjs.org/@ag-grid-enterprise/viewport-row-model/-/viewport-row-model-22.1.3.tgz",
      "integrity": "sha512-DmM6+4Wp5FDXPkm5tgvRaJ0evNgXx9VLjKAsfD/EJu/GhgcSB+6xiU9lWPy2tMQQbWpl3XkXxHj0y/B8EMxgKQ==",
      "requires": {
        "@ag-grid-community/core": "~22.1.1",
        "@ag-grid-enterprise/core": "~22.1.1"
      }
    }
  }
}
